
Microsoft Visual Studio Solution File, Format Version 12.00
# Visual Studio Version 16
VisualStudioVersion = 16.0.29519.87
MinimumVisualStudioVersion = 10.0.40219.1
Project("{FAE04EC0-301F-11D3-BF4B-00C04F79EFBC}") = "WebApplication", "WebApplication\WebApplication.csproj", "{AAABE179-90DC-467D-BFFE-AEAD8F88BBCD}"
EndProject
Global
	GlobalSection(SolutionConfigurationPlatforms) = preSolution
		Debug|Any CPU = Debug|Any CPU
		Release|Any CPU = Release|Any CPU
	EndGlobalSection
	GlobalSection(ProjectConfigurationPlatforms) = postSolution
		{AAABE179-90DC-467D-BFFE-AEAD8F88BBCD}.Debug|Any CPU.ActiveCfg = Debug|Any CPU
		{AAABE179-90DC-467D-BFFE-AEAD8F88BBCD}.Debug|Any CPU.Build.0 = Debug|Any CPU
		{AAABE179-90DC-467D-BFFE-AEAD8F88BBCD}.Release|Any CPU.ActiveCfg = Release|Any CPU
		{AAABE179-90DC-467D-BFFE-AEAD8F88BBCD}.Release|Any CPU.Build.0 = Release|Any CPU
	EndGlobalSection
	GlobalSection(SolutionProperties) = preSolution
		HideSolutionNode = FALSE
	EndGlobalSection
	GlobalSection(ExtensibilityGlobals) = postSolution
		SolutionGuid = {D98E1DAA-0186-4AF4-9DC8-1BAF05F9BD30}
	EndGlobalSection
EndGlobal
